
Microsoft Visual Studio Solution File, Format Version 12.00
Project("{FAE04EC0-301F-11D3-BF4B-00C04F79EFBC}") = "MyNUnit", "MyNUnit\MyNUnit.csproj", "{2CF37FA0-2D4B-4177-AFB8-ECDFF69F4347}"
EndProject
Global
	GlobalSection(SolutionConfigurationPlatforms) = preSolution
		Debug|Any CPU = Debug|Any CPU
		Release|Any CPU = Release|Any CPU
	EndGlobalSection
	GlobalSection(ProjectConfigurationPlatforms) = postSolution
		{2CF37FA0-2D4B-4177-AFB8-ECDFF69F4347}.Debug|Any CPU.ActiveCfg = Debug|Any CPU
		{2CF37FA0-2D4B-4177-AFB8-ECDFF69F4347}.Debug|Any CPU.Build.0 = Debug|Any CPU
		{2CF37FA0-2D4B-4177-AFB8-ECDFF69F4347}.Release|Any CPU.ActiveCfg = Release|Any CPU
		{2CF37FA0-2D4B-4177-AFB8-ECDFF69F4347}.Release|Any CPU.Build.0 = Release|Any CPU
	EndGlobalSection
EndGlobal
